
Microsoft Visual Studio Solution File, Format Version 12.00
# Visual Studio Version 17
VisualStudioVersion = 17.9.34728.123
MinimumVisualStudioVersion = 10.0.40219.1
Project("{FAE04EC0-301F-11D3-BF4B-00C04F79EFBC}") = "Backend.Web", "Backend.Web\Backend.Web.csproj", "{4E9BF9C7-E41D-4832-B2AC-0D81CBEF2ABC}"
EndProject
Global
	GlobalSection(SolutionConfigurationPlatforms) = preSolution
		Debug|Any CPU = Debug|Any CPU
		Release|Any CPU = Release|Any CPU
	EndGlobalSection
	GlobalSection(ProjectConfigurationPlatforms) = postSolution
		{4E9BF9C7-E41D-4832-B2AC-0D81CBEF2ABC}.Debug|Any CPU.ActiveCfg = Debug|Any CPU
		{4E9BF9C7-E41D-4832-B2AC-0D81CBEF2ABC}.Debug|Any CPU.Build.0 = Debug|Any CPU
		{4E9BF9C7-E41D-4832-B2AC-0D81CBEF2ABC}.Release|Any CPU.ActiveCfg = Release|Any CPU
		{4E9BF9C7-E41D-4832-B2AC-0D81CBEF2ABC}.Release|Any CPU.Build.0 = Release|Any CPU
	EndGlobalSection
	GlobalSection(SolutionProperties) = preSolution
		HideSolutionNode = FALSE
	EndGlobalSection
	GlobalSection(ExtensibilityGlobals) = postSolution
		SolutionGuid = {7BA8FDB2-05EE-4CE7-8E80-FAEA5A2F1607}
	EndGlobalSection
EndGlobal
