
Microsoft Visual Studio Solution File, Format Version 12.00
# Visual Studio Version 17
VisualStudioVersion = 17.9.34728.123
MinimumVisualStudioVersion = 10.0.40219.1
Project("{9A19103F-16F7-4668-BE54-9A1E7A4F7556}") = "Backend.Web", "Backend.Web\Backend.Web.csproj", "{4E9BF9C7-E41D-4832-B2AC-0D81CBEF2ABC}"
EndProject
Project("{9A19103F-16F7-4668-BE54-9A1E7A4F7556}") = "Backend.Processor", "Backend.Processor\Backend.Processor.csproj", "{D4BAD764-5C32-4BB3-B313-05F2980F59DD}"
EndProject
Project("{9A19103F-16F7-4668-BE54-9A1E7A4F7556}") = "Backend.Testing", "Backend.Testing\Backend.Testing.csproj", "{D518619E-353C-4129-888D-D945C17E4809}"
EndProject
Project("{888888A0-9F3D-457C-B088-3A5042F75D52}") = "Backend.ML", "Backend.ML\Backend.ML.pyproj", "{276BFF06-0FAF-4843-835C-0C018D9ADEC4}"
EndProject
Global
	GlobalSection(SolutionConfigurationPlatforms) = preSolution
		Debug|Any CPU = Debug|Any CPU
		Release|Any CPU = Release|Any CPU
	EndGlobalSection
	GlobalSection(ProjectConfigurationPlatforms) = postSolution
		{4E9BF9C7-E41D-4832-B2AC-0D81CBEF2ABC}.Debug|Any CPU.ActiveCfg = Debug|Any CPU
		{4E9BF9C7-E41D-4832-B2AC-0D81CBEF2ABC}.Debug|Any CPU.Build.0 = Debug|Any CPU
		{4E9BF9C7-E41D-4832-B2AC-0D81CBEF2ABC}.Release|Any CPU.ActiveCfg = Release|Any CPU
		{4E9BF9C7-E41D-4832-B2AC-0D81CBEF2ABC}.Release|Any CPU.Build.0 = Release|Any CPU
		{D4BAD764-5C32-4BB3-B313-05F2980F59DD}.Debug|Any CPU.ActiveCfg = Debug|Any CPU
		{D4BAD764-5C32-4BB3-B313-05F2980F59DD}.Debug|Any CPU.Build.0 = Debug|Any CPU
		{D4BAD764-5C32-4BB3-B313-05F2980F59DD}.Release|Any CPU.ActiveCfg = Release|Any CPU
		{D4BAD764-5C32-4BB3-B313-05F2980F59DD}.Release|Any CPU.Build.0 = Release|Any CPU
		{D518619E-353C-4129-888D-D945C17E4809}.Debug|Any CPU.ActiveCfg = Debug|Any CPU
		{D518619E-353C-4129-888D-D945C17E4809}.Debug|Any CPU.Build.0 = Debug|Any CPU
		{D518619E-353C-4129-888D-D945C17E4809}.Release|Any CPU.ActiveCfg = Release|Any CPU
		{D518619E-353C-4129-888D-D945C17E4809}.Release|Any CPU.Build.0 = Release|Any CPU
		{276BFF06-0FAF-4843-835C-0C018D9ADEC4}.Debug|Any CPU.ActiveCfg = Debug|Any CPU
		{276BFF06-0FAF-4843-835C-0C018D9ADEC4}.Release|Any CPU.ActiveCfg = Release|Any CPU
	EndGlobalSection
	GlobalSection(SolutionProperties) = preSolution
		HideSolutionNode = FALSE
	EndGlobalSection
	GlobalSection(ExtensibilityGlobals) = postSolution
		SolutionGuid = {7BA8FDB2-05EE-4CE7-8E80-FAEA5A2F1607}
	EndGlobalSection
EndGlobal
